{
  "name": "testreadjs",
  "version": "1.0.0",
  "lockfileVersion": 1,
  "requires": true,
  "dependencies": {
    "bpmn-moddle": {
      "version": "6.0.2",
      "resolved": "https://registry.npmjs.org/bpmn-moddle/-/bpmn-moddle-6.0.2.tgz",
      "integrity": "sha512-RIazADF2YHZhVIXeWT5z6kNo2/uiFXNtb1iqiF51CvHoFJQR2Tj+znEtzHFjJQ1bLSHe7cAO82HEFmovzhiZ9w==",
      "requires": {
        "min-dash": "^3.0.0",
        "moddle": "^5.0.1",
        "moddle-xml": "^8.0.2"
      }
    },
    "min-dash": {
      "version": "3.5.2",
      "resolved": "https://registry.npmjs.org/min-dash/-/min-dash-3.5.2.tgz",
      "integrity": "sha512-YVbJZUtnzT5QsgJUp9H9uyJTW6NJgswFqI27RI/+MSox860uIjaGMbSQBftEzbMXiJVRG24hpoIh3SG666SHgA=="
    },
    "moddle": {
      "version": "5.0.1",
      "resolved": "https://registry.npmjs.org/moddle/-/moddle-5.0.1.tgz",
      "integrity": "sha512-RB9NCYxbnQLiY1ZJ8Y61+I8TBEmmyaMr8Tj0+fJHN8Fm6l5NqojDy1s4LNDxq+omvug4gnzERMgT8uwNsADDvw==",
      "requires": {
        "min-dash": "^3.0.0"
      }
    },
    "moddle-xml": {
      "version": "8.0.2",
      "resolved": "https://registry.npmjs.org/moddle-xml/-/moddle-xml-8.0.2.tgz",
      "integrity": "sha512-8PkPzoPs8/pz3waSL1EEE0Wm0C7jkHOPVt/GmWhdDJNiz2IlGcCBWBwgb32VcNoN7zAAMvRn0nJ9AyIdOchxIQ==",
      "requires": {
        "min-dash": "^3.0.0",
        "moddle": "^5.0.1",
        "saxen": "^8.1.0"
      }
    },
    "saxen": {
      "version": "8.1.0",
      "resolved": "https://registry.npmjs.org/saxen/-/saxen-8.1.0.tgz",
      "integrity": "sha512-34U5SdDUxECB5Jkwbc2mAdxHyGvbfCHv0iHgf+x2jaYLlwsPpju9651Lld9CpFpF4zJsoWcF3Q05blXXNOb/cg=="
    }
  }
}
